
Microsoft Visual Studio Solution File, Format Version 12.00
# Visual Studio Version 17
VisualStudioVersion = 17.3.32901.215
MinimumVisualStudioVersion = 10.0.40219.1
Project("{FAE04EC0-301F-11D3-BF4B-00C04F79EFBC}") = "Dot.net Tips", "Dot.net Tips\Dot.net Tips.csproj", "{0732EDF2-5D3C-4B13-8486-4EC3CFA63F2A}"
EndProject
Global
	GlobalSection(SolutionConfigurationPlatforms) = preSolution
		Debug|Any CPU = Debug|Any CPU
		Release|Any CPU = Release|Any CPU
	EndGlobalSection
	GlobalSection(ProjectConfigurationPlatforms) = postSolution
		{0732EDF2-5D3C-4B13-8486-4EC3CFA63F2A}.Debug|Any CPU.ActiveCfg = Debug|Any CPU
		{0732EDF2-5D3C-4B13-8486-4EC3CFA63F2A}.Debug|Any CPU.Build.0 = Debug|Any CPU
		{0732EDF2-5D3C-4B13-8486-4EC3CFA63F2A}.Release|Any CPU.ActiveCfg = Release|Any CPU
		{0732EDF2-5D3C-4B13-8486-4EC3CFA63F2A}.Release|Any CPU.Build.0 = Release|Any CPU
	EndGlobalSection
	GlobalSection(SolutionProperties) = preSolution
		HideSolutionNode = FALSE
	EndGlobalSection
	GlobalSection(ExtensibilityGlobals) = postSolution
		SolutionGuid = {FDB2BEAE-384F-4E2A-90EF-B4C4C2B795AC}
	EndGlobalSection
EndGlobal
